
Microsoft Visual Studio Solution File, Format Version 12.00
# Visual Studio 15
VisualStudioVersion = 15.0.27703.2026
MinimumVisualStudioVersion = 10.0.40219.1
Project("{FAE04EC0-301F-11D3-BF4B-00C04F79EFBC}") = "MailService.Server", "MailService.Server\MailService.Server.csproj", "{FDC4504C-BFDC-4430-909C-C2ECCB136FA6}"
EndProject
Project("{9A19103F-16F7-4668-BE54-9A1E7A4F7556}") = "MailService.Host", "MailService.Host\MailService.Host.csproj", "{AD8EC545-BD51-4876-ADC9-B710BEAA3A23}"
EndProject
Global
	GlobalSection(SolutionConfigurationPlatforms) = preSolution
		Debug|Any CPU = Debug|Any CPU
		Release|Any CPU = Release|Any CPU
	EndGlobalSection
	GlobalSection(ProjectConfigurationPlatforms) = postSolution
		{FDC4504C-BFDC-4430-909C-C2ECCB136FA6}.Debug|Any CPU.ActiveCfg = Debug|Any CPU
		{FDC4504C-BFDC-4430-909C-C2ECCB136FA6}.Debug|Any CPU.Build.0 = Debug|Any CPU
		{FDC4504C-BFDC-4430-909C-C2ECCB136FA6}.Release|Any CPU.ActiveCfg = Release|Any CPU
		{FDC4504C-BFDC-4430-909C-C2ECCB136FA6}.Release|Any CPU.Build.0 = Release|Any CPU
		{AD8EC545-BD51-4876-ADC9-B710BEAA3A23}.Debug|Any CPU.ActiveCfg = Debug|Any CPU
		{AD8EC545-BD51-4876-ADC9-B710BEAA3A23}.Debug|Any CPU.Build.0 = Debug|Any CPU
		{AD8EC545-BD51-4876-ADC9-B710BEAA3A23}.Release|Any CPU.ActiveCfg = Release|Any CPU
		{AD8EC545-BD51-4876-ADC9-B710BEAA3A23}.Release|Any CPU.Build.0 = Release|Any CPU
	EndGlobalSection
	GlobalSection(SolutionProperties) = preSolution
		HideSolutionNode = FALSE
	EndGlobalSection
	GlobalSection(ExtensibilityGlobals) = postSolution
		SolutionGuid = {79700539-32FF-4667-A92C-FDC760446300}
	EndGlobalSection
EndGlobal
